// !$*UTF8*$!
{
	archiveVersion = 1;
	classes = {
	};
	objectVersion = 55;
	objects = {

/* Begin PBXBuildFile section */
		0C526D7A2743AEA800AD7634 /* AppDelegate.swift in Sources */ = {isa = PBXBuildFile; fileRef = 0C526D792743AEA800AD7634 /* AppDelegate.swift */; };
		0C526D7C2743AEA800AD7634 /* SceneDelegate.swift in Sources */ = {isa = PBXBuildFile; fileRef = 0C526D7B2743AEA800AD7634 /* SceneDelegate.swift */; };
		0C526D7E2743AEA800AD7634 /* ViewController.swift in Sources */ = {isa = PBXBuildFile; fileRef = 0C526D7D2743AEA800AD7634 /* ViewController.swift */; };
		0C526D812743AEA800AD7634 /* Main.storyboard in Resources */ = {isa = PBXBuildFile; fileRef = 0C526D7F2743AEA800AD7634 /* Main.storyboard */; };
		0C526D832743AEAE00AD7634 /* Assets.xcassets in Resources */ = {isa = PBXBuildFile; fileRef = 0C526D822743AEAE00AD7634 /* Assets.xcassets */; };
		0C526D862743AEAE00AD7634 /* LaunchScreen.storyboard in Resources */ = {isa = PBXBuildFile; fileRef = 0C526D842743AEAE00AD7634 /* LaunchScreen.storyboard */; };
		0C526D912743AEAE00AD7634 /* DemoTests.swift in Sources */ = {isa = PBXBuildFile; fileRef = 0C526D902743AEAE00AD7634 /* DemoTests.swift */; };
		0C526D9B2743AEAF00AD7634 /* DemoUITests.swift in Sources */ = {isa = PBXBuildFile; fileRef = 0C526D9A2743AEAF00AD7634 /* DemoUITests.swift */; };
		0C526D9D2743AEAF00AD7634 /* DemoUITestsLaunchTests.swift in Sources */ = {isa = PBXBuildFile; fileRef = 0C526D9C2743AEAF00AD7634 /* DemoUITestsLaunchTests.swift */; };
		0C526DAA2743B6B600AD7634 /* TaskGroupSample.swift in Sources */ = {isa = PBXBuildFile; fileRef = 0C526DA92743B6B500AD7634 /* TaskGroupSample.swift */; };
/* End PBXBuildFile section */

/* Begin PBXContainerItemProxy section */
		0C526D8D2743AEAE00AD7634 /* PBXContainerItemProxy */ = {
			isa = PBXContainerItemProxy;
			containerPortal = 0C526D6E2743AEA800AD7634 /* Project object */;
			proxyType = 1;
			remoteGlobalIDString = 0C526D752743AEA800AD7634;
			remoteInfo = Demo;
		};
		0C526D972743AEAF00AD7634 /* PBXContainerItemProxy */ = {
			isa = PBXContainerItemProxy;
			containerPortal = 0C526D6E2743AEA800AD7634 /* Project object */;
			proxyType = 1;
			remoteGlobalIDString = 0C526D752743AEA800AD7634;
			remoteInfo = Demo;
		};
/* End PBXContainerItemProxy section */

/* Begin PBXFileReference section */
		0C526D762743AEA800AD7634 /* Demo.app */ = {isa = PBXFileReference; explicitFileType = wrapper.application; includeInIndex = 0; path = Demo.app; sourceTree = BUILT_PRODUCTS_DIR; };
		0C526D792743AEA800AD7634 /* AppDelegate.swift */ = {isa = PBXFileReference; lastKnownFileType = sourcecode.swift; path = AppDelegate.swift; sourceTree = "<group>"; };
		0C526D7B2743AEA800AD7634 /* SceneDelegate.swift */ = {isa = PBXFileReference; lastKnownFileType = sourcecode.swift; path = SceneDelegate.swift; sourceTree = "<group>"; };
		0C526D7D2743AEA800AD7634 /* ViewController.swift */ = {isa = PBXFileReference; lastKnownFileType = sourcecode.swift; path = ViewController.swift; sourceTree = "<group>"; };
		0C526D802743AEA800AD7634 /* Base */ = {isa = PBXFileReference; lastKnownFileType = file.storyboard; name = Base; path = Base.lproj/Main.storyboard; sourceTree = "<group>"; };
		0C526D822743AEAE00AD7634 /* Assets.xcassets */ = {isa = PBXFileReference; lastKnownFileType = folder.assetcatalog; path = Assets.xcassets; sourceTree = "<group>"; };
		0C526D852743AEAE00AD7634 /* Base */ = {isa = PBXFileReference; lastKnownFileType = file.storyboard; name = Base; path = Base.lproj/LaunchScreen.storyboard; sourceTree = "<group>"; };
		0C526D872743AEAE00AD7634 /* Info.plist */ = {isa = PBXFileReference; lastKnownFileType = text.plist.xml; path = Info.plist; sourceTree = "<group>"; };
		0C526D8C2743AEAE00AD7634 /* DemoTests.xctest */ = {isa = PBXFileReference; explicitFileType = wrapper.cfbundle; includeInIndex = 0; path = DemoTests.xctest; sourceTree = BUILT_PRODUCTS_DIR; };
		0C526D902743AEAE00AD7634 /* DemoTests.swift */ = {isa = PBXFileReference; lastKnownFileType = sourcecode.swift; path = DemoTests.swift; sourceTree = "<group>"; };
		0C526D962743AEAF00AD7634 /* DemoUITests.xctest */ = {isa = PBXFileReference; explicitFileType = wrapper.cfbundle; includeInIndex = 0; path = DemoUITests.xctest; sourceTree = BUILT_PRODUCTS_DIR; };
		0C526D9A2743AEAF00AD7634 /* DemoUITests.swift */ = {isa = PBXFileReference; lastKnownFileType = sourcecode.swift; path = DemoUITests.swift; sourceTree = "<group>"; };
		0C526D9C2743AEAF00AD7634 /* DemoUITestsLaunchTests.swift */ = {isa = PBXFileReference; lastKnownFileType = sourcecode.swift; path = DemoUITestsLaunchTests.swift; sourceTree = "<group>"; };
		0C526DA92743B6B500AD7634 /* TaskGroupSample.swift */ = {isa = PBXFileReference; lastKnownFileType = sourcecode.swift; path = TaskGroupSample.swift; sourceTree = "<group>"; };
/* End PBXFileReference section */

/* Begin PBXFrameworksBuildPhase section */
		0C526D732743AEA800AD7634 /* Frameworks */ = {
			isa = PBXFrameworksBuildPhase;
			buildActionMask = 2147483647;
			files = (
			);
			runOnlyForDeploymentPostprocessing = 0;
		};
		0C526D892743AEAE00AD7634 /* Frameworks */ = {
			isa = PBXFrameworksBuildPhase;
			buildActionMask = 2147483647;
			files = (
			);
			runOnlyForDeploymentPostprocessing = 0;
		};
		0C526D932743AEAE00AD7634 /* Frameworks */ = {
			isa = PBXFrameworksBuildPhase;
			buildActionMask = 2147483647;
			files = (
			);
			runOnlyForDeploymentPostprocessing = 0;
		};
/* End PBXFrameworksBuildPhase section */

/* Begin PBXGroup section */
		0C526D6D2743AEA800AD7634 = {
			isa = PBXGroup;
			children = (
				0C526D782743AEA800AD7634 /* Demo */,
				0C526D8F2743AEAE00AD7634 /* DemoTests */,
				0C526D992743AEAF00AD7634 /* DemoUITests */,
				0C526D772743AEA800AD7634 /* Products */,
			);
			sourceTree = "<group>";
		};
		0C526D772743AEA800AD7634 /* Products */ = {
			isa = PBXGroup;
			children = (
				0C526D762743AEA800AD7634 /* Demo.app */,
				0C526D8C2743AEAE00AD7634 /* DemoTests.xctest */,
				0C526D962743AEAF00AD7634 /* DemoUITests.xctest */,
			);
			name = Products;
			sourceTree = "<group>";
		};
		0C526D782743AEA800AD7634 /* Demo */ = {
			isa = PBXGroup;
			children = (
				0C526D792743AEA800AD7634 /* AppDelegate.swift */,
				0C526D7B2743AEA800AD7634 /* SceneDelegate.swift */,
				0C526D7D2743AEA800AD7634 /* ViewController.swift */,
				0C526DA92743B6B500AD7634 /* TaskGroupSample.swift */,
				0C526D7F2743AEA800AD7634 /* Main.storyboard */,
				0C526D822743AEAE00AD7634 /* Assets.xcassets */,
				0C526D842743AEAE00AD7634 /* LaunchScreen.storyboard */,
				0C526D872743AEAE00AD7634 /* Info.plist */,
			);
			path = Demo;
			sourceTree = "<group>";
		};
		0C526D8F2743AEAE00AD7634 /* DemoTests */ = {
			isa = PBXGroup;
			children = (
				0C526D902743AEAE00AD7634 /* DemoTests.swift */,
			);
			path = DemoTests;
			sourceTree = "<group>";
		};
		0C526D992743AEAF00AD7634 /* DemoUITests */ = {
			isa = PBXGroup;
			children = (
				0C526D9A2743AEAF00AD7634 /* DemoUITests.swift */,
				0C526D9C2743AEAF00AD7634 /* DemoUITestsLaunchTests.swift */,
			);
			path = DemoUITests;
			sourceTree = "<group>";
		};
/* End PBXGroup section */

/* Begin PBXNativeTarget section */
		0C526D752743AEA800AD7634 /* Demo */ = {
			isa = PBXNativeTarget;
			buildConfigurationList = 0C526DA02743AEAF00AD7634 /* Build configuration list for PBXNativeTarget "Demo" */;
			buildPhases = (
				0C526D722743AEA800AD7634 /* Sources */,
				0C526D732743AEA800AD7634 /* Frameworks */,
				0C526D742743AEA800AD7634 /* Resources */,
			);
			buildRules = (
			);
			dependencies = (
			);
			name = Demo;
			productName = Demo;
			productReference = 0C526D762743AEA800AD7634 /* Demo.app */;
			productType = "com.apple.product-type.application";
		};
		0C526D8B2743AEAE00AD7634 /* DemoTests */ = {
			isa = PBXNativeTarget;
			buildConfigurationList = 0C526DA32743AEAF00AD7634 /* Build configuration list for PBXNativeTarget "DemoTests" */;
			buildPhases = (
				0C526D882743AEAE00AD7634 /* Sources */,
				0C526D892743AEAE00AD7634 /* Frameworks */,
				0C526D8A2743AEAE00AD7634 /* Resources */,
			);
			buildRules = (
			);
			dependencies = (
				0C526D8E2743AEAE00AD7634 /* PBXTargetDependency */,
			);
			name = DemoTests;
			productName = DemoTests;
			productReference = 0C526D8C2743AEAE00AD7634 /* DemoTests.xctest */;
			productType = "com.apple.product-type.bundle.unit-test";
		};
		0C526D952743AEAE00AD7634 /* DemoUITests */ = {
			isa = PBXNativeTarget;
			buildConfigurationList = 0C526DA62743AEAF00AD7634 /* Build configuration list for PBXNativeTarget "DemoUITests" */;
			buildPhases = (
				0C526D922743AEAE00AD7634 /* Sources */,
				0C526D932743AEAE00AD7634 /* Frameworks */,
				0C526D942743AEAE00AD7634 /* Resources */,
			);
			buildRules = (
			);
			dependencies = (
				0C526D982743AEAF00AD7634 /* PBXTargetDependency */,
			);
			name = DemoUITests;
			productName = DemoUITests;
			productReference = 0C526D962743AEAF00AD7634 /* DemoUITests.xctest */;
			productType = "com.apple.product-type.bundle.ui-testing";
		};
/* End PBXNativeTarget section */

/* Begin PBXProject section */
		0C526D6E2743AEA800AD7634 /* Project object */ = {
			isa = PBXProject;
			attributes = {
				BuildIndependentTargetsInParallel = 1;
				LastSwiftUpdateCheck = 1310;
				LastUpgradeCheck = 1310;
				TargetAttributes = {
					0C526D752743AEA800AD7634 = {
						CreatedOnToolsVersion = 13.1;
					};
					0C526D8B2743AEAE00AD7634 = {
						CreatedOnToolsVersion = 13.1;
						TestTargetID = 0C526D752743AEA800AD7634;
					};
					0C526D952743AEAE00AD7634 = {
						CreatedOnToolsVersion = 13.1;
						TestTargetID = 0C526D752743AEA800AD7634;
					};
				};
			};
			buildConfigurationList = 0C526D712743AEA800AD7634 /* Build configuration list for PBXProject "Demo" */;
			compatibilityVersion = "Xcode 13.0";
			developmentRegion = en;
			hasScannedForEncodings = 0;
			knownRegions = (
				en,
				Base,
			);
			mainGroup = 0C526D6D2743AEA800AD7634;
			productRefGroup = 0C526D772743AEA800AD7634 /* Products */;
			projectDirPath = "";
			projectRoot = "";
			targets = (
				0C526D752743AEA800AD7634 /* Demo */,
				0C526D8B2743AEAE00AD7634 /* DemoTests */,
				0C526D952743AEAE00AD7634 /* DemoUITests */,
			);
		};
/* End PBXProject section */

/* Begin PBXResourcesBuildPhase section */
		0C526D742743AEA800AD7634 /* Resources */ = {
			isa = PBXResourcesBuildPhase;
			buildActionMask = 2147483647;
			files = (
				0C526D862743AEAE00AD7634 /* LaunchScreen.storyboard in Resources */,
				0C526D832743AEAE00AD7634 /* Assets.xcassets in Resources */,
				0C526D812743AEA800AD7634 /* Main.storyboard in Resources */,
			);
			runOnlyForDeploymentPostprocessing = 0;
		};
		0C526D8A2743AEAE00AD7634 /* Resources */ = {
			isa = PBXResourcesBuildPhase;
			buildActionMask = 2147483647;
			files = (
			);
			runOnlyForDeploymentPostprocessing = 0;
		};
		0C526D942743AEAE00AD7634 /* Resources */ = {
			isa = PBXResourcesBuildPhase;
			buildActionMask = 2147483647;
			files = (
			);
			runOnlyForDeploymentPostprocessing = 0;
		};
/* End PBXResourcesBuildPhase section */

/* Begin PBXSourcesBuildPhase section */
		0C526D722743AEA800AD7634 /* Sources */ = {
			isa = PBXSourcesBuildPhase;
			buildActionMask = 2147483647;
			files = (
				0C526D7E2743AEA800AD7634 /* ViewController.swift in Sources */,
				0C526D7A2743AEA800AD7634 /* AppDelegate.swift in Sources */,
				0C526DAA2743B6B600AD7634 /* TaskGroupSample.swift in Sources */,
				0C526D7C2743AEA800AD7634 /* SceneDelegate.swift in Sources */,
			);
			runOnlyForDeploymentPostprocessing = 0;
		};
		0C526D882743AEAE00AD7634 /* Sources */ = {
			isa = PBXSourcesBuildPhase;
			buildActionMask = 2147483647;
			files = (
				0C526D912743AEAE00AD7634 /* DemoTests.swift in Sources */,
			);
			runOnlyForDeploymentPostprocessing = 0;
		};
		0C526D922743AEAE00AD7634 /* Sources */ = {
			isa = PBXSourcesBuildPhase;
			buildActionMask = 2147483647;
			files = (
				0C526D9B2743AEAF00AD7634 /* DemoUITests.swift in Sources */,
				0C526D9D2743AEAF00AD7634 /* DemoUITestsLaunchTests.swift in Sources */,
			);
			runOnlyForDeploymentPostprocessing = 0;
		};
/* End PBXSourcesBuildPhase section */

/* Begin PBXTargetDependency section */
		0C526D8E2743AEAE00AD7634 /* PBXTargetDependency */ = {
			isa = PBXTargetDependency;
			target = 0C526D752743AEA800AD7634 /* Demo */;
			targetProxy = 0C526D8D2743AEAE00AD7634 /* PBXContainerItemProxy */;
		};
		0C526D982743AEAF00AD7634 /* PBXTargetDependency */ = {
			isa = PBXTargetDependency;
			target = 0C526D752743AEA800AD7634 /* Demo */;
			targetProxy = 0C526D972743AEAF00AD7634 /* PBXContainerItemProxy */;
		};
/* End PBXTargetDependency section */

/* Begin PBXVariantGroup section */
		0C526D7F2743AEA800AD7634 /* Main.storyboard */ = {
			isa = PBXVariantGroup;
			children = (
				0C526D802743AEA800AD7634 /* Base */,
			);
			name = Main.storyboard;
			sourceTree = "<group>";
		};
		0C526D842743AEAE00AD7634 /* LaunchScreen.storyboard */ = {
			isa = PBXVariantGroup;
			children = (
				0C526D852743AEAE00AD7634 /* Base */,
			);
			name = LaunchScreen.storyboard;
			sourceTree = "<group>";
		};
/* End PBXVariantGroup section */

/* Begin XCBuildConfiguration section */
		0C526D9E2743AEAF00AD7634 /* Debug */ = {
			isa = XCBuildConfiguration;
			buildSettings = {
				ALWAYS_SEARCH_USER_PATHS = NO;
				CLANG_ANALYZER_NONNULL = YES;
				CLANG_ANALYZER_NUMBER_OBJECT_CONVERSION = YES_AGGRESSIVE;
				CLANG_CXX_LANGUAGE_STANDARD = "gnu++17";
				CLANG_CXX_LIBRARY = "libc++";
				CLANG_ENABLE_MODULES = YES;
				CLANG_ENABLE_OBJC_ARC = YES;
				CLANG_ENABLE_OBJC_WEAK = YES;
				CLANG_WARN_BLOCK_CAPTURE_AUTORELEASING = YES;
				CLANG_WARN_BOOL_CONVERSION = YES;
				CLANG_WARN_COMMA = YES;
				CLANG_WARN_CONSTANT_CONVERSION = YES;
				CLANG_WARN_DEPRECATED_OBJC_IMPLEMENTATIONS = YES;
				CLANG_WARN_DIRECT_OBJC_ISA_USAGE = YES_ERROR;
				CLANG_WARN_DOCUMENTATION_COMMENTS = YES;
				CLANG_WARN_EMPTY_BODY = YES;
				CLANG_WARN_ENUM_CONVERSION = YES;
				CLANG_WARN_INFINITE_RECURSION = YES;
				CLANG_WARN_INT_CONVERSION = YES;
				CLANG_WARN_NON_LITERAL_NULL_CONVERSION = YES;
				CLANG_WARN_OBJC_IMPLICIT_RETAIN_SELF = YES;
				CLANG_WARN_OBJC_LITERAL_CONVERSION = YES;
				CLANG_WARN_OBJC_ROOT_CLASS = YES_ERROR;
				CLANG_WARN_QUOTED_INCLUDE_IN_FRAMEWORK_HEADER = YES;
				CLANG_WARN_RANGE_LOOP_ANALYSIS = YES;
				CLANG_WARN_STRICT_PROTOTYPES = YES;
				CLANG_WARN_SUSPICIOUS_MOVE = YES;
				CLANG_WARN_UNGUARDED_AVAILABILITY = YES_AGGRESSIVE;
				CLANG_WARN_UNREACHABLE_CODE = YES;
				CLANG_WARN__DUPLICATE_METHOD_MATCH = YES;
				COPY_PHASE_STRIP = NO;
				DEBUG_INFORMATION_FORMAT = dwarf;
				ENABLE_STRICT_OBJC_MSGSEND = YES;
				ENABLE_TESTABILITY = YES;
				GCC_C_LANGUAGE_STANDARD = gnu11;
				GCC_DYNAMIC_NO_PIC = NO;
				GCC_NO_COMMON_BLOCKS = YES;
				GCC_OPTIMIZATION_LEVEL = 0;
				GCC_PREPROCESSOR_DEFINITIONS = (
					"DEBUG=1",
					"$(inherited)",
				);
				GCC_WARN_64_TO_32_BIT_CONVERSION = YES;
				GCC_WARN_ABOUT_RETURN_TYPE = YES_ERROR;
				GCC_WARN_UNDECLARED_SELECTOR = YES;
				GCC_WARN_UNINITIALIZED_AUTOS = YES_AGGRESSIVE;
				GCC_WARN_UNUSED_FUNCTION = YES;
				GCC_WARN_UNUSED_VARIABLE = YES;
				IPHONEOS_DEPLOYMENT_TARGET = 15.0;
				MTL_ENABLE_DEBUG_INFO = INCLUDE_SOURCE;
				MTL_FAST_MATH = YES;
				ONLY_ACTIVE_ARCH = YES;
				SDKROOT = iphoneos;
				SWIFT_ACTIVE_COMPILATION_CONDITIONS = DEBUG;
				SWIFT_OPTIMIZATION_LEVEL = "-Onone";
			};
			name = Debug;
		};
		0C526D9F2743AEAF00AD7634 /* Release */ = {
			isa = XCBuildConfiguration;
			buildSettings = {
				ALWAYS_SEARCH_USER_PATHS = NO;
				CLANG_ANALYZER_NONNULL = YES;
				CLANG_ANALYZER_NUMBER_OBJECT_CONVERSION = YES_AGGRESSIVE;
				CLANG_CXX_LANGUAGE_STANDARD = "gnu++17";
				CLANG_CXX_LIBRARY = "libc++";
				CLANG_ENABLE_MODULES = YES;
				CLANG_ENABLE_OBJC_ARC = YES;
				CLANG_ENABLE_OBJC_WEAK = YES;
				CLANG_WARN_BLOCK_CAPTURE_AUTORELEASING = YES;
				CLANG_WARN_BOOL_CONVERSION = YES;
				CLANG_WARN_COMMA = YES;
				CLANG_WARN_CONSTANT_CONVERSION = YES;
				CLANG_WARN_DEPRECATED_OBJC_IMPLEMENTATIONS = YES;
				CLANG_WARN_DIRECT_OBJC_ISA_USAGE = YES_ERROR;
				CLANG_WARN_DOCUMENTATION_COMMENTS = YES;
				CLANG_WARN_EMPTY_BODY = YES;
				CLANG_WARN_ENUM_CONVERSION = YES;
				CLANG_WARN_INFINITE_RECURSION = YES;
				CLANG_WARN_INT_CONVERSION = YES;
				CLANG_WARN_NON_LITERAL_NULL_CONVERSION = YES;
				CLANG_WARN_OBJC_IMPLICIT_RETAIN_SELF = YES;
				CLANG_WARN_OBJC_LITERAL_CONVERSION = YES;
				CLANG_WARN_OBJC_ROOT_CLASS = YES_ERROR;
				CLANG_WARN_QUOTED_INCLUDE_IN_FRAMEWORK_HEADER = YES;
				CLANG_WARN_RANGE_LOOP_ANALYSIS = YES;
				CLANG_WARN_STRICT_PROTOTYPES = YES;
				CLANG_WARN_SUSPICIOUS_MOVE = YES;
				CLANG_WARN_UNGUARDED_AVAILABILITY = YES_AGGRESSIVE;
				CLANG_WARN_UNREACHABLE_CODE = YES;
				CLANG_WARN__DUPLICATE_METHOD_MATCH = YES;
				COPY_PHASE_STRIP = NO;
				DEBUG_INFORMATION_FORMAT = "dwarf-with-dsym";
				ENABLE_NS_ASSERTIONS = NO;
				ENABLE_STRICT_OBJC_MSGSEND = YES;
				GCC_C_LANGUAGE_STANDARD = gnu11;
				GCC_NO_COMMON_BLOCKS = YES;
				GCC_WARN_64_TO_32_BIT_CONVERSION = YES;
				GCC_WARN_ABOUT_RETURN_TYPE = YES_ERROR;
				GCC_WARN_UNDECLARED_SELECTOR = YES;
				GCC_WARN_UNINITIALIZED_AUTOS = YES_AGGRESSIVE;
				GCC_WARN_UNUSED_FUNCTION = YES;
				GCC_WARN_UNUSED_VARIABLE = YES;
				IPHONEOS_DEPLOYMENT_TARGET = 15.0;
				MTL_ENABLE_DEBUG_INFO = NO;
				MTL_FAST_MATH = YES;
				SDKROOT = iphoneos;
				SWIFT_COMPILATION_MODE = wholemodule;
				SWIFT_OPTIMIZATION_LEVEL = "-O";
				VALIDATE_PRODUCT = YES;
			};
			name = Release;
		};
		0C526DA12743AEAF00AD7634 /* Debug */ = {
			isa = XCBuildConfiguration;
			buildSettings = {
				ASSETCATALOG_COMPILER_APPICON_NAME = AppIcon;
				ASSETCATALOG_COMPILER_GLOBAL_ACCENT_COLOR_NAME = AccentColor;
				CODE_SIGN_STYLE = Automatic;
				CURRENT_PROJECT_VERSION = 1;
				GENERATE_INFOPLIST_FILE = YES;
				INFOPLIST_FILE = Demo/Info.plist;
				INFOPLIST_KEY_UIApplicationSupportsIndirectInputEvents = YES;
				INFOPLIST_KEY_UILaunchStoryboardName = LaunchScreen;
				INFOPLIST_KEY_UIMainStoryboardFile = Main;
				INFOPLIST_KEY_UISupportedInterfaceOrientations_iPad = "UIInterfaceOrientationPortrait UIInterfaceOrientationPortraitUpsideDown UIInterfaceOrientationLandscapeLeft UIInterfaceOrientationLandscapeRight";
				INFOPLIST_KEY_UISupportedInterfaceOrientations_iPhone = "UIInterfaceOrientationPortrait UIInterfaceOrientationLandscapeLeft UIInterfaceOrientationLandscapeRight";
				LD_RUNPATH_SEARCH_PATHS = (
					"$(inherited)",
					"@executable_path/Frameworks",
				);
				MARKETING_VERSION = 1.0;
				PRODUCT_BUNDLE_IDENTIFIER = sina.Demo;
				PRODUCT_NAME = "$(TARGET_NAME)";
				SWIFT_EMIT_LOC_STRINGS = YES;
				SWIFT_VERSION = 5.0;
				TARGETED_DEVICE_FAMILY = "1,2";
			};
			name = Debug;
		};
		0C526DA22743AEAF00AD7634 /* Release */ = {
			isa = XCBuildConfiguration;
			buildSettings = {
				ASSETCATALOG_COMPILER_APPICON_NAME = AppIcon;
				ASSETCATALOG_COMPILER_GLOBAL_ACCENT_COLOR_NAME = AccentColor;
				CODE_SIGN_STYLE = Automatic;
				CURRENT_PROJECT_VERSION = 1;
				GENERATE_INFOPLIST_FILE = YES;
				INFOPLIST_FILE = Demo/Info.plist;
				INFOPLIST_KEY_UIApplicationSupportsIndirectInputEvents = YES;
				INFOPLIST_KEY_UILaunchStoryboardName = LaunchScreen;
				INFOPLIST_KEY_UIMainStoryboardFile = Main;
				INFOPLIST_KEY_UISupportedInterfaceOrientations_iPad = "UIInterfaceOrientationPortrait UIInterfaceOrientationPortraitUpsideDown UIInterfaceOrientationLandscapeLeft UIInterfaceOrientationLandscapeRight";
				INFOPLIST_KEY_UISupportedInterfaceOrientations_iPhone = "UIInterfaceOrientationPortrait UIInterfaceOrientationLandscapeLeft UIInterfaceOrientationLandscapeRight";
				LD_RUNPATH_SEARCH_PATHS = (
					"$(inherited)",
					"@executable_path/Frameworks",
				);
				MARKETING_VERSION = 1.0;
				PRODUCT_BUNDLE_IDENTIFIER = sina.Demo;
				PRODUCT_NAME = "$(TARGET_NAME)";
				SWIFT_EMIT_LOC_STRINGS = YES;
				SWIFT_VERSION = 5.0;
				TARGETED_DEVICE_FAMILY = "1,2";
			};
			name = Release;
		};
		0C526DA42743AEAF00AD7634 /* Debug */ = {
			isa = XCBuildConfiguration;
			buildSettings = {
				ALWAYS_EMBED_SWIFT_STANDARD_LIBRARIES = YES;
				BUNDLE_LOADER = "$(TEST_HOST)";
				CODE_SIGN_STYLE = Automatic;
				CURRENT_PROJECT_VERSION = 1;
				GENERATE_INFOPLIST_FILE = YES;
				IPHONEOS_DEPLOYMENT_TARGET = 15.0;
				LD_RUNPATH_SEARCH_PATHS = (
					"$(inherited)",
					"@executable_path/Frameworks",
					"@loader_path/Frameworks",
				);
				MARKETING_VERSION = 1.0;
				PRODUCT_BUNDLE_IDENTIFIER = sina.DemoTests;
				PRODUCT_NAME = "$(TARGET_NAME)";
				SWIFT_EMIT_LOC_STRINGS = NO;
				SWIFT_VERSION = 5.0;
				TARGETED_DEVICE_FAMILY = "1,2";
				TEST_HOST = "$(BUILT_PRODUCTS_DIR)/Demo.app/Demo";
			};
			name = Debug;
		};
		0C526DA52743AEAF00AD7634 /* Release */ = {
			isa = XCBuildConfiguration;
			buildSettings = {
				ALWAYS_EMBED_SWIFT_STANDARD_LIBRARIES = YES;
				BUNDLE_LOADER = "$(TEST_HOST)";
				CODE_SIGN_STYLE = Automatic;
				CURRENT_PROJECT_VERSION = 1;
				GENERATE_INFOPLIST_FILE = YES;
				IPHONEOS_DEPLOYMENT_TARGET = 15.0;
				LD_RUNPATH_SEARCH_PATHS = (
					"$(inherited)",
					"@executable_path/Frameworks",
					"@loader_path/Frameworks",
				);
				MARKETING_VERSION = 1.0;
				PRODUCT_BUNDLE_IDENTIFIER = sina.DemoTests;
				PRODUCT_NAME = "$(TARGET_NAME)";
				SWIFT_EMIT_LOC_STRINGS = NO;
				SWIFT_VERSION = 5.0;
				TARGETED_DEVICE_FAMILY = "1,2";
				TEST_HOST = "$(BUILT_PRODUCTS_DIR)/Demo.app/Demo";
			};
			name = Release;
		};
		0C526DA72743AEAF00AD7634 /* Debug */ = {
			isa = XCBuildConfiguration;
			buildSettings = {
				ALWAYS_EMBED_SWIFT_STANDARD_LIBRARIES = YES;
				CODE_SIGN_STYLE = Automatic;
				CURRENT_PROJECT_VERSION = 1;
				GENERATE_INFOPLIST_FILE = YES;
				LD_RUNPATH_SEARCH_PATHS = (
					"$(inherited)",
					"@executable_path/Frameworks",
					"@loader_path/Frameworks",
				);
				MARKETING_VERSION = 1.0;
				PRODUCT_BUNDLE_IDENTIFIER = sina.DemoUITests;
				PRODUCT_NAME = "$(TARGET_NAME)";
				SWIFT_EMIT_LOC_STRINGS = NO;
				SWIFT_VERSION = 5.0;
				TARGETED_DEVICE_FAMILY = "1,2";
				TEST_TARGET_NAME = Demo;
			};
			name = Debug;
		};
		0C526DA82743AEAF00AD7634 /* Release */ = {
			isa = XCBuildConfiguration;
			buildSettings = {
				ALWAYS_EMBED_SWIFT_STANDARD_LIBRARIES = YES;
				CODE_SIGN_STYLE = Automatic;
				CURRENT_PROJECT_VERSION = 1;
				GENERATE_INFOPLIST_FILE = YES;
				LD_RUNPATH_SEARCH_PATHS = (
					"$(inherited)",
					"@executable_path/Frameworks",
					"@loader_path/Frameworks",
				);
				MARKETING_VERSION = 1.0;
				PRODUCT_BUNDLE_IDENTIFIER = sina.DemoUITests;
				PRODUCT_NAME = "$(TARGET_NAME)";
				SWIFT_EMIT_LOC_STRINGS = NO;
				SWIFT_VERSION = 5.0;
				TARGETED_DEVICE_FAMILY = "1,2";
				TEST_TARGET_NAME = Demo;
			};
			name = Release;
		};
/* End XCBuildConfiguration section */

/* Begin XCConfigurationList section */
		0C526D712743AEA800AD7634 /* Build configuration list for PBXProject "Demo" */ = {
			isa = XCConfigurationList;
			buildConfigurations = (
				0C526D9E2743AEAF00AD7634 /* Debug */,
				0C526D9F2743AEAF00AD7634 /* Release */,
			);
			defaultConfigurationIsVisible = 0;
			defaultConfigurationName = Release;
		};
		0C526DA02743AEAF00AD7634 /* Build configuration list for PBXNativeTarget "Demo" */ = {
			isa = XCConfigurationList;
			buildConfigurations = (
				0C526DA12743AEAF00AD7634 /* Debug */,
				0C526DA22743AEAF00AD7634 /* Release */,
			);
			defaultConfigurationIsVisible = 0;
			defaultConfigurationName = Release;
		};
		0C526DA32743AEAF00AD7634 /* Build configuration list for PBXNativeTarget "DemoTests" */ = {
			isa = XCConfigurationList;
			buildConfigurations = (
				0C526DA42743AEAF00AD7634 /* Debug */,
				0C526DA52743AEAF00AD7634 /* Release */,
			);
			defaultConfigurationIsVisible = 0;
			defaultConfigurationName = Release;
		};
		0C526DA62743AEAF00AD7634 /* Build configuration list for PBXNativeTarget "DemoUITests" */ = {
			isa = XCConfigurationList;
			buildConfigurations = (
				0C526DA72743AEAF00AD7634 /* Debug */,
				0C526DA82743AEAF00AD7634 /* Release */,
			);
			defaultConfigurationIsVisible = 0;
			defaultConfigurationName = Release;
		};
/* End XCConfigurationList section */
	};
	rootObject = 0C526D6E2743AEA800AD7634 /* Project object */;
}
